
Microsoft Visual Studio Solution File, Format Version 11.00
# Visual Studio 2010
Project("{FAE04EC0-301F-11D3-BF4B-00C04F79EFBC}") = "ERAServer", "ERAServer\ERAServer.csproj", "{DC67511C-54B6-4772-9CE7-8D1BE624299A}"
EndProject
Project("{FAE04EC0-301F-11D3-BF4B-00C04F79EFBC}") = "ERAUtils", "ERAUtils\ERAUtils.csproj", "{7349FF66-1666-44A0-A2B9-8C0DA03A85BD}"
EndProject
Project("{FAE04EC0-301F-11D3-BF4B-00C04F79EFBC}") = "SimpleDigest", "SimpleDigest\SimpleDigest.csproj", "{B5D2A366-5F8B-4266-9C5F-06B6FC1F2BD7}"
EndProject
Project("{FAE04EC0-301F-11D3-BF4B-00C04F79EFBC}") = "Lidgren.Network", "Lidgren.Network\Lidgren.Network.csproj", "{AE483C29-042E-4226-BA52-D247CE7676DA}"
EndProject
Project("{FAE04EC0-301F-11D3-BF4B-00C04F79EFBC}") = "NetworkProtocol", "NetworkProtocol\NetworkProtocol.csproj", "{FC9F9B69-672E-4FD4-8676-97F102981E3B}"
EndProject
Global
	GlobalSection(SolutionConfigurationPlatforms) = preSolution
		Debug|Any CPU = Debug|Any CPU
		Debug|Mixed Platforms = Debug|Mixed Platforms
		Debug|x86 = Debug|x86
		DebugNoFailsafe|Any CPU = DebugNoFailsafe|Any CPU
		DebugNoFailsafe|Mixed Platforms = DebugNoFailsafe|Mixed Platforms
		DebugNoFailsafe|x86 = DebugNoFailsafe|x86
		DebugNoMultiThread|Any CPU = DebugNoMultiThread|Any CPU
		DebugNoMultiThread|Mixed Platforms = DebugNoMultiThread|Mixed Platforms
		DebugNoMultiThread|x86 = DebugNoMultiThread|x86
		DebugNoSave|Any CPU = DebugNoSave|Any CPU
		DebugNoSave|Mixed Platforms = DebugNoSave|Mixed Platforms
		DebugNoSave|x86 = DebugNoSave|x86
		DebugWithSimulate|Any CPU = DebugWithSimulate|Any CPU
		DebugWithSimulate|Mixed Platforms = DebugWithSimulate|Mixed Platforms
		DebugWithSimulate|x86 = DebugWithSimulate|x86
		Release|Any CPU = Release|Any CPU
		Release|Mixed Platforms = Release|Mixed Platforms
		Release|x86 = Release|x86
	EndGlobalSection
	GlobalSection(ProjectConfigurationPlatforms) = postSolution
		{DC67511C-54B6-4772-9CE7-8D1BE624299A}.Debug|Any CPU.ActiveCfg = Debug|x86
		{DC67511C-54B6-4772-9CE7-8D1BE624299A}.Debug|Mixed Platforms.ActiveCfg = Debug|x86
		{DC67511C-54B6-4772-9CE7-8D1BE624299A}.Debug|Mixed Platforms.Build.0 = Debug|x86
		{DC67511C-54B6-4772-9CE7-8D1BE624299A}.Debug|x86.ActiveCfg = Debug|x86
		{DC67511C-54B6-4772-9CE7-8D1BE624299A}.Debug|x86.Build.0 = Debug|x86
		{DC67511C-54B6-4772-9CE7-8D1BE624299A}.DebugNoFailsafe|Any CPU.ActiveCfg = Debug|x86
		{DC67511C-54B6-4772-9CE7-8D1BE624299A}.DebugNoFailsafe|Mixed Platforms.ActiveCfg = Debug|x86
		{DC67511C-54B6-4772-9CE7-8D1BE624299A}.DebugNoFailsafe|Mixed Platforms.Build.0 = Debug|x86
		{DC67511C-54B6-4772-9CE7-8D1BE624299A}.DebugNoFailsafe|x86.ActiveCfg = Debug|x86
		{DC67511C-54B6-4772-9CE7-8D1BE624299A}.DebugNoFailsafe|x86.Build.0 = Debug|x86
		{DC67511C-54B6-4772-9CE7-8D1BE624299A}.DebugNoMultiThread|Any CPU.ActiveCfg = Debug|x86
		{DC67511C-54B6-4772-9CE7-8D1BE624299A}.DebugNoMultiThread|Mixed Platforms.ActiveCfg = Debug|x86
		{DC67511C-54B6-4772-9CE7-8D1BE624299A}.DebugNoMultiThread|Mixed Platforms.Build.0 = Debug|x86
		{DC67511C-54B6-4772-9CE7-8D1BE624299A}.DebugNoMultiThread|x86.ActiveCfg = Debug|x86
		{DC67511C-54B6-4772-9CE7-8D1BE624299A}.DebugNoMultiThread|x86.Build.0 = Debug|x86
		{DC67511C-54B6-4772-9CE7-8D1BE624299A}.DebugNoSave|Any CPU.ActiveCfg = Debug|x86
		{DC67511C-54B6-4772-9CE7-8D1BE624299A}.DebugNoSave|Mixed Platforms.ActiveCfg = Debug|x86
		{DC67511C-54B6-4772-9CE7-8D1BE624299A}.DebugNoSave|Mixed Platforms.Build.0 = Debug|x86
		{DC67511C-54B6-4772-9CE7-8D1BE624299A}.DebugNoSave|x86.ActiveCfg = Debug|x86
		{DC67511C-54B6-4772-9CE7-8D1BE624299A}.DebugNoSave|x86.Build.0 = Debug|x86
		{DC67511C-54B6-4772-9CE7-8D1BE624299A}.DebugWithSimulate|Any CPU.ActiveCfg = Debug|x86
		{DC67511C-54B6-4772-9CE7-8D1BE624299A}.DebugWithSimulate|Mixed Platforms.ActiveCfg = Debug|x86
		{DC67511C-54B6-4772-9CE7-8D1BE624299A}.DebugWithSimulate|Mixed Platforms.Build.0 = Debug|x86
		{DC67511C-54B6-4772-9CE7-8D1BE624299A}.DebugWithSimulate|x86.ActiveCfg = Debug|x86
		{DC67511C-54B6-4772-9CE7-8D1BE624299A}.DebugWithSimulate|x86.Build.0 = Debug|x86
		{DC67511C-54B6-4772-9CE7-8D1BE624299A}.Release|Any CPU.ActiveCfg = Release|x86
		{DC67511C-54B6-4772-9CE7-8D1BE624299A}.Release|Mixed Platforms.ActiveCfg = Release|x86
		{DC67511C-54B6-4772-9CE7-8D1BE624299A}.Release|Mixed Platforms.Build.0 = Release|x86
		{DC67511C-54B6-4772-9CE7-8D1BE624299A}.Release|x86.ActiveCfg = Release|x86
		{DC67511C-54B6-4772-9CE7-8D1BE624299A}.Release|x86.Build.0 = Release|x86
		{7349FF66-1666-44A0-A2B9-8C0DA03A85BD}.Debug|Any CPU.ActiveCfg = Debug|Any CPU
		{7349FF66-1666-44A0-A2B9-8C0DA03A85BD}.Debug|Any CPU.Build.0 = Debug|Any CPU
		{7349FF66-1666-44A0-A2B9-8C0DA03A85BD}.Debug|Mixed Platforms.ActiveCfg = Debug|Any CPU
		{7349FF66-1666-44A0-A2B9-8C0DA03A85BD}.Debug|Mixed Platforms.Build.0 = Debug|Any CPU
		{7349FF66-1666-44A0-A2B9-8C0DA03A85BD}.Debug|x86.ActiveCfg = Debug|Any CPU
		{7349FF66-1666-44A0-A2B9-8C0DA03A85BD}.DebugNoFailsafe|Any CPU.ActiveCfg = Debug|Any CPU
		{7349FF66-1666-44A0-A2B9-8C0DA03A85BD}.DebugNoFailsafe|Any CPU.Build.0 = Debug|Any CPU
		{7349FF66-1666-44A0-A2B9-8C0DA03A85BD}.DebugNoFailsafe|Mixed Platforms.ActiveCfg = Debug|Any CPU
		{7349FF66-1666-44A0-A2B9-8C0DA03A85BD}.DebugNoFailsafe|Mixed Platforms.Build.0 = Debug|Any CPU
		{7349FF66-1666-44A0-A2B9-8C0DA03A85BD}.DebugNoFailsafe|x86.ActiveCfg = Debug|Any CPU
		{7349FF66-1666-44A0-A2B9-8C0DA03A85BD}.DebugNoMultiThread|Any CPU.ActiveCfg = Debug|Any CPU
		{7349FF66-1666-44A0-A2B9-8C0DA03A85BD}.DebugNoMultiThread|Any CPU.Build.0 = Debug|Any CPU
		{7349FF66-1666-44A0-A2B9-8C0DA03A85BD}.DebugNoMultiThread|Mixed Platforms.ActiveCfg = Debug|Any CPU
		{7349FF66-1666-44A0-A2B9-8C0DA03A85BD}.DebugNoMultiThread|Mixed Platforms.Build.0 = Debug|Any CPU
		{7349FF66-1666-44A0-A2B9-8C0DA03A85BD}.DebugNoMultiThread|x86.ActiveCfg = Debug|Any CPU
		{7349FF66-1666-44A0-A2B9-8C0DA03A85BD}.DebugNoSave|Any CPU.ActiveCfg = Debug|Any CPU
		{7349FF66-1666-44A0-A2B9-8C0DA03A85BD}.DebugNoSave|Any CPU.Build.0 = Debug|Any CPU
		{7349FF66-1666-44A0-A2B9-8C0DA03A85BD}.DebugNoSave|Mixed Platforms.ActiveCfg = Debug|Any CPU
		{7349FF66-1666-44A0-A2B9-8C0DA03A85BD}.DebugNoSave|Mixed Platforms.Build.0 = Debug|Any CPU
		{7349FF66-1666-44A0-A2B9-8C0DA03A85BD}.DebugNoSave|x86.ActiveCfg = Debug|Any CPU
		{7349FF66-1666-44A0-A2B9-8C0DA03A85BD}.DebugWithSimulate|Any CPU.ActiveCfg = Debug|Any CPU
		{7349FF66-1666-44A0-A2B9-8C0DA03A85BD}.DebugWithSimulate|Any CPU.Build.0 = Debug|Any CPU
		{7349FF66-1666-44A0-A2B9-8C0DA03A85BD}.DebugWithSimulate|Mixed Platforms.ActiveCfg = Debug|Any CPU
		{7349FF66-1666-44A0-A2B9-8C0DA03A85BD}.DebugWithSimulate|Mixed Platforms.Build.0 = Debug|Any CPU
		{7349FF66-1666-44A0-A2B9-8C0DA03A85BD}.DebugWithSimulate|x86.ActiveCfg = Debug|Any CPU
		{7349FF66-1666-44A0-A2B9-8C0DA03A85BD}.Release|Any CPU.ActiveCfg = Release|Any CPU
		{7349FF66-1666-44A0-A2B9-8C0DA03A85BD}.Release|Any CPU.Build.0 = Release|Any CPU
		{7349FF66-1666-44A0-A2B9-8C0DA03A85BD}.Release|Mixed Platforms.ActiveCfg = Release|Any CPU
		{7349FF66-1666-44A0-A2B9-8C0DA03A85BD}.Release|Mixed Platforms.Build.0 = Release|Any CPU
		{7349FF66-1666-44A0-A2B9-8C0DA03A85BD}.Release|x86.ActiveCfg = Release|Any CPU
		{B5D2A366-5F8B-4266-9C5F-06B6FC1F2BD7}.Debug|Any CPU.ActiveCfg = Debug|x86
		{B5D2A366-5F8B-4266-9C5F-06B6FC1F2BD7}.Debug|Mixed Platforms.ActiveCfg = Debug|x86
		{B5D2A366-5F8B-4266-9C5F-06B6FC1F2BD7}.Debug|Mixed Platforms.Build.0 = Debug|x86
		{B5D2A366-5F8B-4266-9C5F-06B6FC1F2BD7}.Debug|x86.ActiveCfg = Debug|x86
		{B5D2A366-5F8B-4266-9C5F-06B6FC1F2BD7}.Debug|x86.Build.0 = Debug|x86
		{B5D2A366-5F8B-4266-9C5F-06B6FC1F2BD7}.DebugNoFailsafe|Any CPU.ActiveCfg = DebugNoFailsafe|x86
		{B5D2A366-5F8B-4266-9C5F-06B6FC1F2BD7}.DebugNoFailsafe|Mixed Platforms.ActiveCfg = DebugNoFailsafe|x86
		{B5D2A366-5F8B-4266-9C5F-06B6FC1F2BD7}.DebugNoFailsafe|Mixed Platforms.Build.0 = DebugNoFailsafe|x86
		{B5D2A366-5F8B-4266-9C5F-06B6FC1F2BD7}.DebugNoFailsafe|x86.ActiveCfg = DebugNoFailsafe|x86
		{B5D2A366-5F8B-4266-9C5F-06B6FC1F2BD7}.DebugNoFailsafe|x86.Build.0 = DebugNoFailsafe|x86
		{B5D2A366-5F8B-4266-9C5F-06B6FC1F2BD7}.DebugNoMultiThread|Any CPU.ActiveCfg = DebugNoMultiThread|x86
		{B5D2A366-5F8B-4266-9C5F-06B6FC1F2BD7}.DebugNoMultiThread|Mixed Platforms.ActiveCfg = DebugNoMultiThread|x86
		{B5D2A366-5F8B-4266-9C5F-06B6FC1F2BD7}.DebugNoMultiThread|Mixed Platforms.Build.0 = DebugNoMultiThread|x86
		{B5D2A366-5F8B-4266-9C5F-06B6FC1F2BD7}.DebugNoMultiThread|x86.ActiveCfg = DebugNoMultiThread|x86
		{B5D2A366-5F8B-4266-9C5F-06B6FC1F2BD7}.DebugNoMultiThread|x86.Build.0 = DebugNoMultiThread|x86
		{B5D2A366-5F8B-4266-9C5F-06B6FC1F2BD7}.DebugNoSave|Any CPU.ActiveCfg = DebugNoSave|x86
		{B5D2A366-5F8B-4266-9C5F-06B6FC1F2BD7}.DebugNoSave|Mixed Platforms.ActiveCfg = DebugNoSave|x86
		{B5D2A366-5F8B-4266-9C5F-06B6FC1F2BD7}.DebugNoSave|Mixed Platforms.Build.0 = DebugNoSave|x86
		{B5D2A366-5F8B-4266-9C5F-06B6FC1F2BD7}.DebugNoSave|x86.ActiveCfg = DebugNoSave|x86
		{B5D2A366-5F8B-4266-9C5F-06B6FC1F2BD7}.DebugNoSave|x86.Build.0 = DebugNoSave|x86
		{B5D2A366-5F8B-4266-9C5F-06B6FC1F2BD7}.DebugWithSimulate|Any CPU.ActiveCfg = DebugWithSimulate|x86
		{B5D2A366-5F8B-4266-9C5F-06B6FC1F2BD7}.DebugWithSimulate|Mixed Platforms.ActiveCfg = DebugWithSimulate|x86
		{B5D2A366-5F8B-4266-9C5F-06B6FC1F2BD7}.DebugWithSimulate|Mixed Platforms.Build.0 = DebugWithSimulate|x86
		{B5D2A366-5F8B-4266-9C5F-06B6FC1F2BD7}.DebugWithSimulate|x86.ActiveCfg = DebugWithSimulate|x86
		{B5D2A366-5F8B-4266-9C5F-06B6FC1F2BD7}.DebugWithSimulate|x86.Build.0 = DebugWithSimulate|x86
		{B5D2A366-5F8B-4266-9C5F-06B6FC1F2BD7}.Release|Any CPU.ActiveCfg = Release|x86
		{B5D2A366-5F8B-4266-9C5F-06B6FC1F2BD7}.Release|Mixed Platforms.ActiveCfg = Release|x86
		{B5D2A366-5F8B-4266-9C5F-06B6FC1F2BD7}.Release|Mixed Platforms.Build.0 = Release|x86
		{B5D2A366-5F8B-4266-9C5F-06B6FC1F2BD7}.Release|x86.ActiveCfg = Release|x86
		{B5D2A366-5F8B-4266-9C5F-06B6FC1F2BD7}.Release|x86.Build.0 = Release|x86
		{AE483C29-042E-4226-BA52-D247CE7676DA}.Debug|Any CPU.ActiveCfg = Debug|Any CPU
		{AE483C29-042E-4226-BA52-D247CE7676DA}.Debug|Any CPU.Build.0 = Debug|Any CPU
		{AE483C29-042E-4226-BA52-D247CE7676DA}.Debug|Mixed Platforms.ActiveCfg = Debug|Any CPU
		{AE483C29-042E-4226-BA52-D247CE7676DA}.Debug|Mixed Platforms.Build.0 = Debug|Any CPU
		{AE483C29-042E-4226-BA52-D247CE7676DA}.Debug|x86.ActiveCfg = Debug|Any CPU
		{AE483C29-042E-4226-BA52-D247CE7676DA}.DebugNoFailsafe|Any CPU.ActiveCfg = Debug|Any CPU
		{AE483C29-042E-4226-BA52-D247CE7676DA}.DebugNoFailsafe|Any CPU.Build.0 = Debug|Any CPU
		{AE483C29-042E-4226-BA52-D247CE7676DA}.DebugNoFailsafe|Mixed Platforms.ActiveCfg = Debug|Any CPU
		{AE483C29-042E-4226-BA52-D247CE7676DA}.DebugNoFailsafe|Mixed Platforms.Build.0 = Debug|Any CPU
		{AE483C29-042E-4226-BA52-D247CE7676DA}.DebugNoFailsafe|x86.ActiveCfg = Debug|Any CPU
		{AE483C29-042E-4226-BA52-D247CE7676DA}.DebugNoMultiThread|Any CPU.ActiveCfg = Debug|Any CPU
		{AE483C29-042E-4226-BA52-D247CE7676DA}.DebugNoMultiThread|Any CPU.Build.0 = Debug|Any CPU
		{AE483C29-042E-4226-BA52-D247CE7676DA}.DebugNoMultiThread|Mixed Platforms.ActiveCfg = Debug|Any CPU
		{AE483C29-042E-4226-BA52-D247CE7676DA}.DebugNoMultiThread|Mixed Platforms.Build.0 = Debug|Any CPU
		{AE483C29-042E-4226-BA52-D247CE7676DA}.DebugNoMultiThread|x86.ActiveCfg = Debug|Any CPU
		{AE483C29-042E-4226-BA52-D247CE7676DA}.DebugNoSave|Any CPU.ActiveCfg = Debug|Any CPU
		{AE483C29-042E-4226-BA52-D247CE7676DA}.DebugNoSave|Any CPU.Build.0 = Debug|Any CPU
		{AE483C29-042E-4226-BA52-D247CE7676DA}.DebugNoSave|Mixed Platforms.ActiveCfg = Debug|Any CPU
		{AE483C29-042E-4226-BA52-D247CE7676DA}.DebugNoSave|Mixed Platforms.Build.0 = Debug|Any CPU
		{AE483C29-042E-4226-BA52-D247CE7676DA}.DebugNoSave|x86.ActiveCfg = Debug|Any CPU
		{AE483C29-042E-4226-BA52-D247CE7676DA}.DebugWithSimulate|Any CPU.ActiveCfg = Debug|Any CPU
		{AE483C29-042E-4226-BA52-D247CE7676DA}.DebugWithSimulate|Any CPU.Build.0 = Debug|Any CPU
		{AE483C29-042E-4226-BA52-D247CE7676DA}.DebugWithSimulate|Mixed Platforms.ActiveCfg = Debug|Any CPU
		{AE483C29-042E-4226-BA52-D247CE7676DA}.DebugWithSimulate|Mixed Platforms.Build.0 = Debug|Any CPU
		{AE483C29-042E-4226-BA52-D247CE7676DA}.DebugWithSimulate|x86.ActiveCfg = Debug|Any CPU
		{AE483C29-042E-4226-BA52-D247CE7676DA}.Release|Any CPU.ActiveCfg = Release|Any CPU
		{AE483C29-042E-4226-BA52-D247CE7676DA}.Release|Any CPU.Build.0 = Release|Any CPU
		{AE483C29-042E-4226-BA52-D247CE7676DA}.Release|Mixed Platforms.ActiveCfg = Release|Any CPU
		{AE483C29-042E-4226-BA52-D247CE7676DA}.Release|Mixed Platforms.Build.0 = Release|Any CPU
		{AE483C29-042E-4226-BA52-D247CE7676DA}.Release|x86.ActiveCfg = Release|Any CPU
		{FC9F9B69-672E-4FD4-8676-97F102981E3B}.Debug|Any CPU.ActiveCfg = Debug|x86
		{FC9F9B69-672E-4FD4-8676-97F102981E3B}.Debug|Mixed Platforms.ActiveCfg = Debug|x86
		{FC9F9B69-672E-4FD4-8676-97F102981E3B}.Debug|Mixed Platforms.Build.0 = Debug|x86
		{FC9F9B69-672E-4FD4-8676-97F102981E3B}.Debug|x86.ActiveCfg = Debug|x86
		{FC9F9B69-672E-4FD4-8676-97F102981E3B}.Debug|x86.Build.0 = Debug|x86
		{FC9F9B69-672E-4FD4-8676-97F102981E3B}.DebugNoFailsafe|Any CPU.ActiveCfg = DebugNoFailsafe|x86
		{FC9F9B69-672E-4FD4-8676-97F102981E3B}.DebugNoFailsafe|Mixed Platforms.ActiveCfg = DebugNoFailsafe|x86
		{FC9F9B69-672E-4FD4-8676-97F102981E3B}.DebugNoFailsafe|Mixed Platforms.Build.0 = DebugNoFailsafe|x86
		{FC9F9B69-672E-4FD4-8676-97F102981E3B}.DebugNoFailsafe|x86.ActiveCfg = DebugNoFailsafe|x86
		{FC9F9B69-672E-4FD4-8676-97F102981E3B}.DebugNoFailsafe|x86.Build.0 = DebugNoFailsafe|x86
		{FC9F9B69-672E-4FD4-8676-97F102981E3B}.DebugNoMultiThread|Any CPU.ActiveCfg = DebugNoMultiThread|x86
		{FC9F9B69-672E-4FD4-8676-97F102981E3B}.DebugNoMultiThread|Mixed Platforms.ActiveCfg = DebugNoMultiThread|x86
		{FC9F9B69-672E-4FD4-8676-97F102981E3B}.DebugNoMultiThread|Mixed Platforms.Build.0 = DebugNoMultiThread|x86
		{FC9F9B69-672E-4FD4-8676-97F102981E3B}.DebugNoMultiThread|x86.ActiveCfg = DebugNoMultiThread|x86
		{FC9F9B69-672E-4FD4-8676-97F102981E3B}.DebugNoMultiThread|x86.Build.0 = DebugNoMultiThread|x86
		{FC9F9B69-672E-4FD4-8676-97F102981E3B}.DebugNoSave|Any CPU.ActiveCfg = DebugNoSave|x86
		{FC9F9B69-672E-4FD4-8676-97F102981E3B}.DebugNoSave|Mixed Platforms.ActiveCfg = DebugNoSave|x86
		{FC9F9B69-672E-4FD4-8676-97F102981E3B}.DebugNoSave|Mixed Platforms.Build.0 = DebugNoSave|x86
		{FC9F9B69-672E-4FD4-8676-97F102981E3B}.DebugNoSave|x86.ActiveCfg = DebugNoSave|x86
		{FC9F9B69-672E-4FD4-8676-97F102981E3B}.DebugNoSave|x86.Build.0 = DebugNoSave|x86
		{FC9F9B69-672E-4FD4-8676-97F102981E3B}.DebugWithSimulate|Any CPU.ActiveCfg = DebugWithSimulate|x86
		{FC9F9B69-672E-4FD4-8676-97F102981E3B}.DebugWithSimulate|Mixed Platforms.ActiveCfg = DebugWithSimulate|x86
		{FC9F9B69-672E-4FD4-8676-97F102981E3B}.DebugWithSimulate|Mixed Platforms.Build.0 = DebugWithSimulate|x86
		{FC9F9B69-672E-4FD4-8676-97F102981E3B}.DebugWithSimulate|x86.ActiveCfg = DebugWithSimulate|x86
		{FC9F9B69-672E-4FD4-8676-97F102981E3B}.DebugWithSimulate|x86.Build.0 = DebugWithSimulate|x86
		{FC9F9B69-672E-4FD4-8676-97F102981E3B}.Release|Any CPU.ActiveCfg = Release|x86
		{FC9F9B69-672E-4FD4-8676-97F102981E3B}.Release|Mixed Platforms.ActiveCfg = Release|x86
		{FC9F9B69-672E-4FD4-8676-97F102981E3B}.Release|Mixed Platforms.Build.0 = Release|x86
		{FC9F9B69-672E-4FD4-8676-97F102981E3B}.Release|x86.ActiveCfg = Release|x86
		{FC9F9B69-672E-4FD4-8676-97F102981E3B}.Release|x86.Build.0 = Release|x86
	EndGlobalSection
	GlobalSection(SolutionProperties) = preSolution
		HideSolutionNode = FALSE
	EndGlobalSection
EndGlobal
