
Microsoft Visual Studio Solution File, Format Version 11.00
# Visual Studio 2010
Project("{FAE04EC0-301F-11D3-BF4B-00C04F79EFBC}") = "Project ERA", "Project ERA\Project ERA\Project ERA.csproj", "{A24B1E4D-AD96-4597-A659-EC0491EF7EA6}"
EndProject
Project("{FAE04EC0-301F-11D3-BF4B-00C04F79EFBC}") = "Project ERA Content", "Project ERA\Project ERAContent\Project ERA Content.contentproj", "{453B11CB-BA4E-4390-B59D-CE947694C921}"
EndProject
Project("{FAE04EC0-301F-11D3-BF4B-00C04F79EFBC}") = "Simple Digest", "SimpleDigest\Simple Digest.csproj", "{B5D2A366-5F8B-4266-9C5F-06B6FC1F2BD7}"
EndProject
Project("{FAE04EC0-301F-11D3-BF4B-00C04F79EFBC}") = "Project ERA Protocols", "NetworkProtocol\Project ERA Protocols.csproj", "{FC9F9B69-672E-4FD4-8676-97F102981E3B}"
EndProject
Project("{2150E333-8FDC-42A3-9474-1A3956D46DE8}") = "Editor", "Editor", "{5EBBDC5A-4D53-4720-B021-C5EB5080468B}"
EndProject
Project("{FAE04EC0-301F-11D3-BF4B-00C04F79EFBC}") = "TilesetEditor", "TilesetEditor\TilesetEditor\TilesetEditor.csproj", "{F17AF1F9-DC32-4464-B314-98AA50A23648}"
EndProject
Project("{FAE04EC0-301F-11D3-BF4B-00C04F79EFBC}") = "EditorContent", "EditorContent\EditorContent.contentproj", "{FD4AD75F-B354-424B-B156-2F205686E9F0}"
EndProject
Project("{FAE04EC0-301F-11D3-BF4B-00C04F79EFBC}") = "ERAServer", "ERAServer\ERAServer.csproj", "{DC67511C-54B6-4772-9CE7-8D1BE624299A}"
EndProject
Project("{FAE04EC0-301F-11D3-BF4B-00C04F79EFBC}") = "ERAUtils", "ERAUtils\ERAUtils.csproj", "{7349FF66-1666-44A0-A2B9-8C0DA03A85BD}"
EndProject
Project("{FAE04EC0-301F-11D3-BF4B-00C04F79EFBC}") = "Lidgren.Network", "Lidgren.Network\Lidgren.Network.csproj", "{AE483C29-042E-4226-BA52-D247CE7676DA}"
EndProject
Project("{2150E333-8FDC-42A3-9474-1A3956D46DE8}") = "Solution Items", "Solution Items", "{B301A02C-773B-40E0-A5ED-15E1957BEB2A}"
	ProjectSection(SolutionItems) = preProject
		Local.testsettings = Local.testsettings
		Project ERA.vsmdi = Project ERA.vsmdi
		TraceAndTestImpact.testsettings = TraceAndTestImpact.testsettings
	EndProjectSection
EndProject
Project("{FAE04EC0-301F-11D3-BF4B-00C04F79EFBC}") = "ERATest", "ERATest\ERATest.csproj", "{9FF60998-788A-452D-8E7B-F19513236839}"
EndProject
Project("{FAE04EC0-301F-11D3-BF4B-00C04F79EFBC}") = "ContentExporter", "ContentExporter\ContentExporter.csproj", "{9819016B-161A-40E2-BF73-05CD051E1883}"
EndProject
Project("{FAE04EC0-301F-11D3-BF4B-00C04F79EFBC}") = "ContentConverter", "ContentConverter\ContentConverter.csproj", "{7AA7E2F1-2B51-4287-99BA-01B9E7D827E7}"
EndProject
Project("{FAE04EC0-301F-11D3-BF4B-00C04F79EFBC}") = "Lidgren.Network.Lobby", "NetworkLobby\Lidgren.Network.Lobby.csproj", "{46A4AE63-B570-41BF-8B56-5C0711260CBF}"
EndProject
Global
	GlobalSection(TestCaseManagementSettings) = postSolution
		CategoryFile = Project ERA.vsmdi
	EndGlobalSection
	GlobalSection(SolutionConfigurationPlatforms) = preSolution
		Debug|Any CPU = Debug|Any CPU
		Debug|Mixed Platforms = Debug|Mixed Platforms
		Debug|x86 = Debug|x86
		DebugNoFailsafe|Any CPU = DebugNoFailsafe|Any CPU
		DebugNoFailsafe|Mixed Platforms = DebugNoFailsafe|Mixed Platforms
		DebugNoFailsafe|x86 = DebugNoFailsafe|x86
		DebugNoMultiThread|Any CPU = DebugNoMultiThread|Any CPU
		DebugNoMultiThread|Mixed Platforms = DebugNoMultiThread|Mixed Platforms
		DebugNoMultiThread|x86 = DebugNoMultiThread|x86
		DebugNoSave|Any CPU = DebugNoSave|Any CPU
		DebugNoSave|Mixed Platforms = DebugNoSave|Mixed Platforms
		DebugNoSave|x86 = DebugNoSave|x86
		Release|Any CPU = Release|Any CPU
		Release|Mixed Platforms = Release|Mixed Platforms
		Release|x86 = Release|x86
	EndGlobalSection
	GlobalSection(ProjectConfigurationPlatforms) = postSolution
		{A24B1E4D-AD96-4597-A659-EC0491EF7EA6}.Debug|Any CPU.ActiveCfg = Debug|x86
		{A24B1E4D-AD96-4597-A659-EC0491EF7EA6}.Debug|Any CPU.Build.0 = Debug|x86
		{A24B1E4D-AD96-4597-A659-EC0491EF7EA6}.Debug|Mixed Platforms.ActiveCfg = Debug|x86
		{A24B1E4D-AD96-4597-A659-EC0491EF7EA6}.Debug|Mixed Platforms.Build.0 = Debug|x86
		{A24B1E4D-AD96-4597-A659-EC0491EF7EA6}.Debug|x86.ActiveCfg = Debug|x86
		{A24B1E4D-AD96-4597-A659-EC0491EF7EA6}.Debug|x86.Build.0 = Debug|x86
		{A24B1E4D-AD96-4597-A659-EC0491EF7EA6}.DebugNoFailsafe|Any CPU.ActiveCfg = DebugNoFailsafe|x86
		{A24B1E4D-AD96-4597-A659-EC0491EF7EA6}.DebugNoFailsafe|Any CPU.Build.0 = DebugNoFailsafe|x86
		{A24B1E4D-AD96-4597-A659-EC0491EF7EA6}.DebugNoFailsafe|Mixed Platforms.ActiveCfg = DebugNoFailsafe|x86
		{A24B1E4D-AD96-4597-A659-EC0491EF7EA6}.DebugNoFailsafe|Mixed Platforms.Build.0 = DebugNoFailsafe|x86
		{A24B1E4D-AD96-4597-A659-EC0491EF7EA6}.DebugNoFailsafe|x86.ActiveCfg = DebugNoFailsafe|x86
		{A24B1E4D-AD96-4597-A659-EC0491EF7EA6}.DebugNoFailsafe|x86.Build.0 = DebugNoFailsafe|x86
		{A24B1E4D-AD96-4597-A659-EC0491EF7EA6}.DebugNoMultiThread|Any CPU.ActiveCfg = DebugNoMultiThread|x86
		{A24B1E4D-AD96-4597-A659-EC0491EF7EA6}.DebugNoMultiThread|Any CPU.Build.0 = DebugNoMultiThread|x86
		{A24B1E4D-AD96-4597-A659-EC0491EF7EA6}.DebugNoMultiThread|Mixed Platforms.ActiveCfg = DebugNoMultiThread|x86
		{A24B1E4D-AD96-4597-A659-EC0491EF7EA6}.DebugNoMultiThread|Mixed Platforms.Build.0 = DebugNoMultiThread|x86
		{A24B1E4D-AD96-4597-A659-EC0491EF7EA6}.DebugNoMultiThread|x86.ActiveCfg = DebugNoMultiThread|x86
		{A24B1E4D-AD96-4597-A659-EC0491EF7EA6}.DebugNoMultiThread|x86.Build.0 = DebugNoMultiThread|x86
		{A24B1E4D-AD96-4597-A659-EC0491EF7EA6}.DebugNoSave|Any CPU.ActiveCfg = DebugNoSave|x86
		{A24B1E4D-AD96-4597-A659-EC0491EF7EA6}.DebugNoSave|Any CPU.Build.0 = DebugNoSave|x86
		{A24B1E4D-AD96-4597-A659-EC0491EF7EA6}.DebugNoSave|Mixed Platforms.ActiveCfg = DebugNoSave|x86
		{A24B1E4D-AD96-4597-A659-EC0491EF7EA6}.DebugNoSave|Mixed Platforms.Build.0 = DebugNoSave|x86
		{A24B1E4D-AD96-4597-A659-EC0491EF7EA6}.DebugNoSave|x86.ActiveCfg = DebugNoSave|x86
		{A24B1E4D-AD96-4597-A659-EC0491EF7EA6}.DebugNoSave|x86.Build.0 = DebugNoSave|x86
		{A24B1E4D-AD96-4597-A659-EC0491EF7EA6}.Release|Any CPU.ActiveCfg = Release|x86
		{A24B1E4D-AD96-4597-A659-EC0491EF7EA6}.Release|Any CPU.Build.0 = Release|x86
		{A24B1E4D-AD96-4597-A659-EC0491EF7EA6}.Release|Mixed Platforms.ActiveCfg = Release|x86
		{A24B1E4D-AD96-4597-A659-EC0491EF7EA6}.Release|Mixed Platforms.Build.0 = Release|x86
		{A24B1E4D-AD96-4597-A659-EC0491EF7EA6}.Release|x86.ActiveCfg = Release|x86
		{A24B1E4D-AD96-4597-A659-EC0491EF7EA6}.Release|x86.Build.0 = Release|x86
		{453B11CB-BA4E-4390-B59D-CE947694C921}.Debug|Any CPU.ActiveCfg = Debug|x86
		{453B11CB-BA4E-4390-B59D-CE947694C921}.Debug|Any CPU.Build.0 = Debug|x86
		{453B11CB-BA4E-4390-B59D-CE947694C921}.Debug|Mixed Platforms.ActiveCfg = Debug|x86
		{453B11CB-BA4E-4390-B59D-CE947694C921}.Debug|x86.ActiveCfg = Debug|x86
		{453B11CB-BA4E-4390-B59D-CE947694C921}.DebugNoFailsafe|Any CPU.ActiveCfg = Debug|x86
		{453B11CB-BA4E-4390-B59D-CE947694C921}.DebugNoFailsafe|Any CPU.Build.0 = Debug|x86
		{453B11CB-BA4E-4390-B59D-CE947694C921}.DebugNoFailsafe|Mixed Platforms.ActiveCfg = Debug|x86
		{453B11CB-BA4E-4390-B59D-CE947694C921}.DebugNoFailsafe|x86.ActiveCfg = Debug|x86
		{453B11CB-BA4E-4390-B59D-CE947694C921}.DebugNoMultiThread|Any CPU.ActiveCfg = Debug|x86
		{453B11CB-BA4E-4390-B59D-CE947694C921}.DebugNoMultiThread|Mixed Platforms.ActiveCfg = Debug|x86
		{453B11CB-BA4E-4390-B59D-CE947694C921}.DebugNoMultiThread|x86.ActiveCfg = Debug|x86
		{453B11CB-BA4E-4390-B59D-CE947694C921}.DebugNoSave|Any CPU.ActiveCfg = Debug|x86
		{453B11CB-BA4E-4390-B59D-CE947694C921}.DebugNoSave|Mixed Platforms.ActiveCfg = Debug|x86
		{453B11CB-BA4E-4390-B59D-CE947694C921}.DebugNoSave|x86.ActiveCfg = Debug|x86
		{453B11CB-BA4E-4390-B59D-CE947694C921}.Release|Any CPU.ActiveCfg = Release|x86
		{453B11CB-BA4E-4390-B59D-CE947694C921}.Release|Mixed Platforms.ActiveCfg = Release|x86
		{453B11CB-BA4E-4390-B59D-CE947694C921}.Release|x86.ActiveCfg = Release|x86
		{B5D2A366-5F8B-4266-9C5F-06B6FC1F2BD7}.Debug|Any CPU.ActiveCfg = Debug|x86
		{B5D2A366-5F8B-4266-9C5F-06B6FC1F2BD7}.Debug|Any CPU.Build.0 = Debug|x86
		{B5D2A366-5F8B-4266-9C5F-06B6FC1F2BD7}.Debug|Mixed Platforms.ActiveCfg = Debug|x86
		{B5D2A366-5F8B-4266-9C5F-06B6FC1F2BD7}.Debug|Mixed Platforms.Build.0 = Debug|x86
		{B5D2A366-5F8B-4266-9C5F-06B6FC1F2BD7}.Debug|x86.ActiveCfg = Debug|x86
		{B5D2A366-5F8B-4266-9C5F-06B6FC1F2BD7}.Debug|x86.Build.0 = Debug|x86
		{B5D2A366-5F8B-4266-9C5F-06B6FC1F2BD7}.DebugNoFailsafe|Any CPU.ActiveCfg = DebugNoFailsafe|x86
		{B5D2A366-5F8B-4266-9C5F-06B6FC1F2BD7}.DebugNoFailsafe|Any CPU.Build.0 = DebugNoFailsafe|x86
		{B5D2A366-5F8B-4266-9C5F-06B6FC1F2BD7}.DebugNoFailsafe|Mixed Platforms.ActiveCfg = DebugNoFailsafe|x86
		{B5D2A366-5F8B-4266-9C5F-06B6FC1F2BD7}.DebugNoFailsafe|Mixed Platforms.Build.0 = DebugNoFailsafe|x86
		{B5D2A366-5F8B-4266-9C5F-06B6FC1F2BD7}.DebugNoFailsafe|x86.ActiveCfg = DebugNoFailsafe|x86
		{B5D2A366-5F8B-4266-9C5F-06B6FC1F2BD7}.DebugNoFailsafe|x86.Build.0 = DebugNoFailsafe|x86
		{B5D2A366-5F8B-4266-9C5F-06B6FC1F2BD7}.DebugNoMultiThread|Any CPU.ActiveCfg = DebugNoMultiThread|x86
		{B5D2A366-5F8B-4266-9C5F-06B6FC1F2BD7}.DebugNoMultiThread|Any CPU.Build.0 = DebugNoMultiThread|x86
		{B5D2A366-5F8B-4266-9C5F-06B6FC1F2BD7}.DebugNoMultiThread|Mixed Platforms.ActiveCfg = DebugNoMultiThread|x86
		{B5D2A366-5F8B-4266-9C5F-06B6FC1F2BD7}.DebugNoMultiThread|Mixed Platforms.Build.0 = DebugNoMultiThread|x86
		{B5D2A366-5F8B-4266-9C5F-06B6FC1F2BD7}.DebugNoMultiThread|x86.ActiveCfg = DebugNoMultiThread|x86
		{B5D2A366-5F8B-4266-9C5F-06B6FC1F2BD7}.DebugNoMultiThread|x86.Build.0 = DebugNoMultiThread|x86
		{B5D2A366-5F8B-4266-9C5F-06B6FC1F2BD7}.DebugNoSave|Any CPU.ActiveCfg = DebugNoSave|x86
		{B5D2A366-5F8B-4266-9C5F-06B6FC1F2BD7}.DebugNoSave|Any CPU.Build.0 = DebugNoSave|x86
		{B5D2A366-5F8B-4266-9C5F-06B6FC1F2BD7}.DebugNoSave|Mixed Platforms.ActiveCfg = DebugNoSave|x86
		{B5D2A366-5F8B-4266-9C5F-06B6FC1F2BD7}.DebugNoSave|Mixed Platforms.Build.0 = DebugNoSave|x86
		{B5D2A366-5F8B-4266-9C5F-06B6FC1F2BD7}.DebugNoSave|x86.ActiveCfg = DebugNoSave|x86
		{B5D2A366-5F8B-4266-9C5F-06B6FC1F2BD7}.DebugNoSave|x86.Build.0 = DebugNoSave|x86
		{B5D2A366-5F8B-4266-9C5F-06B6FC1F2BD7}.Release|Any CPU.ActiveCfg = Release|x86
		{B5D2A366-5F8B-4266-9C5F-06B6FC1F2BD7}.Release|Any CPU.Build.0 = Release|x86
		{B5D2A366-5F8B-4266-9C5F-06B6FC1F2BD7}.Release|Mixed Platforms.ActiveCfg = Release|x86
		{B5D2A366-5F8B-4266-9C5F-06B6FC1F2BD7}.Release|Mixed Platforms.Build.0 = Release|x86
		{B5D2A366-5F8B-4266-9C5F-06B6FC1F2BD7}.Release|x86.ActiveCfg = Release|x86
		{B5D2A366-5F8B-4266-9C5F-06B6FC1F2BD7}.Release|x86.Build.0 = Release|x86
		{FC9F9B69-672E-4FD4-8676-97F102981E3B}.Debug|Any CPU.ActiveCfg = Debug|x86
		{FC9F9B69-672E-4FD4-8676-97F102981E3B}.Debug|Any CPU.Build.0 = Debug|x86
		{FC9F9B69-672E-4FD4-8676-97F102981E3B}.Debug|Mixed Platforms.ActiveCfg = Debug|x86
		{FC9F9B69-672E-4FD4-8676-97F102981E3B}.Debug|Mixed Platforms.Build.0 = Debug|x86
		{FC9F9B69-672E-4FD4-8676-97F102981E3B}.Debug|x86.ActiveCfg = Debug|x86
		{FC9F9B69-672E-4FD4-8676-97F102981E3B}.Debug|x86.Build.0 = Debug|x86
		{FC9F9B69-672E-4FD4-8676-97F102981E3B}.DebugNoFailsafe|Any CPU.ActiveCfg = DebugNoFailsafe|x86
		{FC9F9B69-672E-4FD4-8676-97F102981E3B}.DebugNoFailsafe|Any CPU.Build.0 = DebugNoFailsafe|x86
		{FC9F9B69-672E-4FD4-8676-97F102981E3B}.DebugNoFailsafe|Mixed Platforms.ActiveCfg = DebugNoFailsafe|x86
		{FC9F9B69-672E-4FD4-8676-97F102981E3B}.DebugNoFailsafe|Mixed Platforms.Build.0 = DebugNoFailsafe|x86
		{FC9F9B69-672E-4FD4-8676-97F102981E3B}.DebugNoFailsafe|x86.ActiveCfg = DebugNoFailsafe|x86
		{FC9F9B69-672E-4FD4-8676-97F102981E3B}.DebugNoFailsafe|x86.Build.0 = DebugNoFailsafe|x86
		{FC9F9B69-672E-4FD4-8676-97F102981E3B}.DebugNoMultiThread|Any CPU.ActiveCfg = DebugNoMultiThread|x86
		{FC9F9B69-672E-4FD4-8676-97F102981E3B}.DebugNoMultiThread|Any CPU.Build.0 = DebugNoMultiThread|x86
		{FC9F9B69-672E-4FD4-8676-97F102981E3B}.DebugNoMultiThread|Mixed Platforms.ActiveCfg = DebugNoMultiThread|x86
		{FC9F9B69-672E-4FD4-8676-97F102981E3B}.DebugNoMultiThread|Mixed Platforms.Build.0 = DebugNoMultiThread|x86
		{FC9F9B69-672E-4FD4-8676-97F102981E3B}.DebugNoMultiThread|x86.ActiveCfg = DebugNoMultiThread|x86
		{FC9F9B69-672E-4FD4-8676-97F102981E3B}.DebugNoMultiThread|x86.Build.0 = DebugNoMultiThread|x86
		{FC9F9B69-672E-4FD4-8676-97F102981E3B}.DebugNoSave|Any CPU.ActiveCfg = DebugNoSave|x86
		{FC9F9B69-672E-4FD4-8676-97F102981E3B}.DebugNoSave|Any CPU.Build.0 = DebugNoSave|x86
		{FC9F9B69-672E-4FD4-8676-97F102981E3B}.DebugNoSave|Mixed Platforms.ActiveCfg = DebugNoSave|x86
		{FC9F9B69-672E-4FD4-8676-97F102981E3B}.DebugNoSave|Mixed Platforms.Build.0 = DebugNoSave|x86
		{FC9F9B69-672E-4FD4-8676-97F102981E3B}.DebugNoSave|x86.ActiveCfg = DebugNoSave|x86
		{FC9F9B69-672E-4FD4-8676-97F102981E3B}.DebugNoSave|x86.Build.0 = DebugNoSave|x86
		{FC9F9B69-672E-4FD4-8676-97F102981E3B}.Release|Any CPU.ActiveCfg = Release|x86
		{FC9F9B69-672E-4FD4-8676-97F102981E3B}.Release|Any CPU.Build.0 = Release|x86
		{FC9F9B69-672E-4FD4-8676-97F102981E3B}.Release|Mixed Platforms.ActiveCfg = Release|x86
		{FC9F9B69-672E-4FD4-8676-97F102981E3B}.Release|Mixed Platforms.Build.0 = Release|x86
		{FC9F9B69-672E-4FD4-8676-97F102981E3B}.Release|x86.ActiveCfg = Release|x86
		{FC9F9B69-672E-4FD4-8676-97F102981E3B}.Release|x86.Build.0 = Release|x86
		{F17AF1F9-DC32-4464-B314-98AA50A23648}.Debug|Any CPU.ActiveCfg = Debug|x86
		{F17AF1F9-DC32-4464-B314-98AA50A23648}.Debug|Any CPU.Build.0 = Debug|x86
		{F17AF1F9-DC32-4464-B314-98AA50A23648}.Debug|Mixed Platforms.ActiveCfg = Debug|x86
		{F17AF1F9-DC32-4464-B314-98AA50A23648}.Debug|Mixed Platforms.Build.0 = Debug|x86
		{F17AF1F9-DC32-4464-B314-98AA50A23648}.Debug|x86.ActiveCfg = Debug|x86
		{F17AF1F9-DC32-4464-B314-98AA50A23648}.Debug|x86.Build.0 = Debug|x86
		{F17AF1F9-DC32-4464-B314-98AA50A23648}.DebugNoFailsafe|Any CPU.ActiveCfg = Debug|x86
		{F17AF1F9-DC32-4464-B314-98AA50A23648}.DebugNoFailsafe|Mixed Platforms.ActiveCfg = Debug|x86
		{F17AF1F9-DC32-4464-B314-98AA50A23648}.DebugNoFailsafe|Mixed Platforms.Build.0 = Debug|x86
		{F17AF1F9-DC32-4464-B314-98AA50A23648}.DebugNoFailsafe|x86.ActiveCfg = Debug|x86
		{F17AF1F9-DC32-4464-B314-98AA50A23648}.DebugNoFailsafe|x86.Build.0 = Debug|x86
		{F17AF1F9-DC32-4464-B314-98AA50A23648}.DebugNoMultiThread|Any CPU.ActiveCfg = Debug|x86
		{F17AF1F9-DC32-4464-B314-98AA50A23648}.DebugNoMultiThread|Mixed Platforms.ActiveCfg = Debug|x86
		{F17AF1F9-DC32-4464-B314-98AA50A23648}.DebugNoMultiThread|Mixed Platforms.Build.0 = Debug|x86
		{F17AF1F9-DC32-4464-B314-98AA50A23648}.DebugNoMultiThread|x86.ActiveCfg = Debug|x86
		{F17AF1F9-DC32-4464-B314-98AA50A23648}.DebugNoMultiThread|x86.Build.0 = Debug|x86
		{F17AF1F9-DC32-4464-B314-98AA50A23648}.DebugNoSave|Any CPU.ActiveCfg = Debug|x86
		{F17AF1F9-DC32-4464-B314-98AA50A23648}.DebugNoSave|Mixed Platforms.ActiveCfg = Debug|x86
		{F17AF1F9-DC32-4464-B314-98AA50A23648}.DebugNoSave|Mixed Platforms.Build.0 = Debug|x86
		{F17AF1F9-DC32-4464-B314-98AA50A23648}.DebugNoSave|x86.ActiveCfg = Debug|x86
		{F17AF1F9-DC32-4464-B314-98AA50A23648}.DebugNoSave|x86.Build.0 = Debug|x86
		{F17AF1F9-DC32-4464-B314-98AA50A23648}.Release|Any CPU.ActiveCfg = Release|x86
		{F17AF1F9-DC32-4464-B314-98AA50A23648}.Release|Mixed Platforms.ActiveCfg = Release|x86
		{F17AF1F9-DC32-4464-B314-98AA50A23648}.Release|Mixed Platforms.Build.0 = Release|x86
		{F17AF1F9-DC32-4464-B314-98AA50A23648}.Release|x86.ActiveCfg = Release|x86
		{F17AF1F9-DC32-4464-B314-98AA50A23648}.Release|x86.Build.0 = Release|x86
		{FD4AD75F-B354-424B-B156-2F205686E9F0}.Debug|Any CPU.ActiveCfg = Debug|Any CPU
		{FD4AD75F-B354-424B-B156-2F205686E9F0}.Debug|Mixed Platforms.ActiveCfg = Debug|Any CPU
		{FD4AD75F-B354-424B-B156-2F205686E9F0}.Debug|x86.ActiveCfg = Debug|Any CPU
		{FD4AD75F-B354-424B-B156-2F205686E9F0}.DebugNoFailsafe|Any CPU.ActiveCfg = Debug|Any CPU
		{FD4AD75F-B354-424B-B156-2F205686E9F0}.DebugNoFailsafe|Mixed Platforms.ActiveCfg = Debug|Any CPU
		{FD4AD75F-B354-424B-B156-2F205686E9F0}.DebugNoFailsafe|x86.ActiveCfg = Debug|Any CPU
		{FD4AD75F-B354-424B-B156-2F205686E9F0}.DebugNoMultiThread|Any CPU.ActiveCfg = Debug|Any CPU
		{FD4AD75F-B354-424B-B156-2F205686E9F0}.DebugNoMultiThread|Mixed Platforms.ActiveCfg = Debug|Any CPU
		{FD4AD75F-B354-424B-B156-2F205686E9F0}.DebugNoMultiThread|x86.ActiveCfg = Debug|Any CPU
		{FD4AD75F-B354-424B-B156-2F205686E9F0}.DebugNoSave|Any CPU.ActiveCfg = Debug|Any CPU
		{FD4AD75F-B354-424B-B156-2F205686E9F0}.DebugNoSave|Mixed Platforms.ActiveCfg = Debug|Any CPU
		{FD4AD75F-B354-424B-B156-2F205686E9F0}.DebugNoSave|x86.ActiveCfg = Debug|Any CPU
		{FD4AD75F-B354-424B-B156-2F205686E9F0}.Release|Any CPU.ActiveCfg = Debug|Any CPU
		{FD4AD75F-B354-424B-B156-2F205686E9F0}.Release|Mixed Platforms.ActiveCfg = Debug|Any CPU
		{FD4AD75F-B354-424B-B156-2F205686E9F0}.Release|x86.ActiveCfg = Debug|Any CPU
		{DC67511C-54B6-4772-9CE7-8D1BE624299A}.Debug|Any CPU.ActiveCfg = Debug|x86
		{DC67511C-54B6-4772-9CE7-8D1BE624299A}.Debug|Any CPU.Build.0 = Debug|x86
		{DC67511C-54B6-4772-9CE7-8D1BE624299A}.Debug|Mixed Platforms.ActiveCfg = Debug|x86
		{DC67511C-54B6-4772-9CE7-8D1BE624299A}.Debug|Mixed Platforms.Build.0 = Debug|x86
		{DC67511C-54B6-4772-9CE7-8D1BE624299A}.Debug|x86.ActiveCfg = Debug|x86
		{DC67511C-54B6-4772-9CE7-8D1BE624299A}.Debug|x86.Build.0 = Debug|x86
		{DC67511C-54B6-4772-9CE7-8D1BE624299A}.DebugNoFailsafe|Any CPU.ActiveCfg = Debug|x86
		{DC67511C-54B6-4772-9CE7-8D1BE624299A}.DebugNoFailsafe|Any CPU.Build.0 = Debug|x86
		{DC67511C-54B6-4772-9CE7-8D1BE624299A}.DebugNoFailsafe|Mixed Platforms.ActiveCfg = Debug|x86
		{DC67511C-54B6-4772-9CE7-8D1BE624299A}.DebugNoFailsafe|Mixed Platforms.Build.0 = Debug|x86
		{DC67511C-54B6-4772-9CE7-8D1BE624299A}.DebugNoFailsafe|x86.ActiveCfg = Debug|x86
		{DC67511C-54B6-4772-9CE7-8D1BE624299A}.DebugNoFailsafe|x86.Build.0 = Debug|x86
		{DC67511C-54B6-4772-9CE7-8D1BE624299A}.DebugNoMultiThread|Any CPU.ActiveCfg = Debug|x86
		{DC67511C-54B6-4772-9CE7-8D1BE624299A}.DebugNoMultiThread|Any CPU.Build.0 = Debug|x86
		{DC67511C-54B6-4772-9CE7-8D1BE624299A}.DebugNoMultiThread|Mixed Platforms.ActiveCfg = Debug|x86
		{DC67511C-54B6-4772-9CE7-8D1BE624299A}.DebugNoMultiThread|Mixed Platforms.Build.0 = Debug|x86
		{DC67511C-54B6-4772-9CE7-8D1BE624299A}.DebugNoMultiThread|x86.ActiveCfg = Debug|x86
		{DC67511C-54B6-4772-9CE7-8D1BE624299A}.DebugNoMultiThread|x86.Build.0 = Debug|x86
		{DC67511C-54B6-4772-9CE7-8D1BE624299A}.DebugNoSave|Any CPU.ActiveCfg = Debug|x86
		{DC67511C-54B6-4772-9CE7-8D1BE624299A}.DebugNoSave|Any CPU.Build.0 = Debug|x86
		{DC67511C-54B6-4772-9CE7-8D1BE624299A}.DebugNoSave|Mixed Platforms.ActiveCfg = Debug|x86
		{DC67511C-54B6-4772-9CE7-8D1BE624299A}.DebugNoSave|Mixed Platforms.Build.0 = Debug|x86
		{DC67511C-54B6-4772-9CE7-8D1BE624299A}.DebugNoSave|x86.ActiveCfg = Debug|x86
		{DC67511C-54B6-4772-9CE7-8D1BE624299A}.DebugNoSave|x86.Build.0 = Debug|x86
		{DC67511C-54B6-4772-9CE7-8D1BE624299A}.Release|Any CPU.ActiveCfg = Release|x86
		{DC67511C-54B6-4772-9CE7-8D1BE624299A}.Release|Any CPU.Build.0 = Release|x86
		{DC67511C-54B6-4772-9CE7-8D1BE624299A}.Release|Mixed Platforms.ActiveCfg = Release|x86
		{DC67511C-54B6-4772-9CE7-8D1BE624299A}.Release|Mixed Platforms.Build.0 = Release|x86
		{DC67511C-54B6-4772-9CE7-8D1BE624299A}.Release|x86.ActiveCfg = Release|x86
		{DC67511C-54B6-4772-9CE7-8D1BE624299A}.Release|x86.Build.0 = Release|x86
		{7349FF66-1666-44A0-A2B9-8C0DA03A85BD}.Debug|Any CPU.ActiveCfg = Debug|Any CPU
		{7349FF66-1666-44A0-A2B9-8C0DA03A85BD}.Debug|Any CPU.Build.0 = Debug|Any CPU
		{7349FF66-1666-44A0-A2B9-8C0DA03A85BD}.Debug|Mixed Platforms.ActiveCfg = Debug|Any CPU
		{7349FF66-1666-44A0-A2B9-8C0DA03A85BD}.Debug|Mixed Platforms.Build.0 = Debug|Any CPU
		{7349FF66-1666-44A0-A2B9-8C0DA03A85BD}.Debug|x86.ActiveCfg = Debug|Any CPU
		{7349FF66-1666-44A0-A2B9-8C0DA03A85BD}.DebugNoFailsafe|Any CPU.ActiveCfg = Debug|Any CPU
		{7349FF66-1666-44A0-A2B9-8C0DA03A85BD}.DebugNoFailsafe|Any CPU.Build.0 = Debug|Any CPU
		{7349FF66-1666-44A0-A2B9-8C0DA03A85BD}.DebugNoFailsafe|Mixed Platforms.ActiveCfg = Debug|Any CPU
		{7349FF66-1666-44A0-A2B9-8C0DA03A85BD}.DebugNoFailsafe|Mixed Platforms.Build.0 = Debug|Any CPU
		{7349FF66-1666-44A0-A2B9-8C0DA03A85BD}.DebugNoFailsafe|x86.ActiveCfg = Debug|Any CPU
		{7349FF66-1666-44A0-A2B9-8C0DA03A85BD}.DebugNoMultiThread|Any CPU.ActiveCfg = Debug|Any CPU
		{7349FF66-1666-44A0-A2B9-8C0DA03A85BD}.DebugNoMultiThread|Any CPU.Build.0 = Debug|Any CPU
		{7349FF66-1666-44A0-A2B9-8C0DA03A85BD}.DebugNoMultiThread|Mixed Platforms.ActiveCfg = Debug|Any CPU
		{7349FF66-1666-44A0-A2B9-8C0DA03A85BD}.DebugNoMultiThread|Mixed Platforms.Build.0 = Debug|Any CPU
		{7349FF66-1666-44A0-A2B9-8C0DA03A85BD}.DebugNoMultiThread|x86.ActiveCfg = Debug|Any CPU
		{7349FF66-1666-44A0-A2B9-8C0DA03A85BD}.DebugNoSave|Any CPU.ActiveCfg = Debug|Any CPU
		{7349FF66-1666-44A0-A2B9-8C0DA03A85BD}.DebugNoSave|Any CPU.Build.0 = Debug|Any CPU
		{7349FF66-1666-44A0-A2B9-8C0DA03A85BD}.DebugNoSave|Mixed Platforms.ActiveCfg = Debug|Any CPU
		{7349FF66-1666-44A0-A2B9-8C0DA03A85BD}.DebugNoSave|Mixed Platforms.Build.0 = Debug|Any CPU
		{7349FF66-1666-44A0-A2B9-8C0DA03A85BD}.DebugNoSave|x86.ActiveCfg = Debug|Any CPU
		{7349FF66-1666-44A0-A2B9-8C0DA03A85BD}.Release|Any CPU.ActiveCfg = Release|Any CPU
		{7349FF66-1666-44A0-A2B9-8C0DA03A85BD}.Release|Any CPU.Build.0 = Release|Any CPU
		{7349FF66-1666-44A0-A2B9-8C0DA03A85BD}.Release|Mixed Platforms.ActiveCfg = Release|Any CPU
		{7349FF66-1666-44A0-A2B9-8C0DA03A85BD}.Release|Mixed Platforms.Build.0 = Release|Any CPU
		{7349FF66-1666-44A0-A2B9-8C0DA03A85BD}.Release|x86.ActiveCfg = Release|Any CPU
		{7349FF66-1666-44A0-A2B9-8C0DA03A85BD}.Release|x86.Build.0 = Release|Any CPU
		{AE483C29-042E-4226-BA52-D247CE7676DA}.Debug|Any CPU.ActiveCfg = Debug|Any CPU
		{AE483C29-042E-4226-BA52-D247CE7676DA}.Debug|Any CPU.Build.0 = Debug|Any CPU
		{AE483C29-042E-4226-BA52-D247CE7676DA}.Debug|Mixed Platforms.ActiveCfg = Debug|Any CPU
		{AE483C29-042E-4226-BA52-D247CE7676DA}.Debug|Mixed Platforms.Build.0 = Debug|Any CPU
		{AE483C29-042E-4226-BA52-D247CE7676DA}.Debug|x86.ActiveCfg = Debug|Any CPU
		{AE483C29-042E-4226-BA52-D247CE7676DA}.DebugNoFailsafe|Any CPU.ActiveCfg = Debug|Any CPU
		{AE483C29-042E-4226-BA52-D247CE7676DA}.DebugNoFailsafe|Any CPU.Build.0 = Debug|Any CPU
		{AE483C29-042E-4226-BA52-D247CE7676DA}.DebugNoFailsafe|Mixed Platforms.ActiveCfg = Debug|Any CPU
		{AE483C29-042E-4226-BA52-D247CE7676DA}.DebugNoFailsafe|Mixed Platforms.Build.0 = Debug|Any CPU
		{AE483C29-042E-4226-BA52-D247CE7676DA}.DebugNoFailsafe|x86.ActiveCfg = Debug|Any CPU
		{AE483C29-042E-4226-BA52-D247CE7676DA}.DebugNoMultiThread|Any CPU.ActiveCfg = Debug|Any CPU
		{AE483C29-042E-4226-BA52-D247CE7676DA}.DebugNoMultiThread|Any CPU.Build.0 = Debug|Any CPU
		{AE483C29-042E-4226-BA52-D247CE7676DA}.DebugNoMultiThread|Mixed Platforms.ActiveCfg = Debug|Any CPU
		{AE483C29-042E-4226-BA52-D247CE7676DA}.DebugNoMultiThread|Mixed Platforms.Build.0 = Debug|Any CPU
		{AE483C29-042E-4226-BA52-D247CE7676DA}.DebugNoMultiThread|x86.ActiveCfg = Debug|Any CPU
		{AE483C29-042E-4226-BA52-D247CE7676DA}.DebugNoSave|Any CPU.ActiveCfg = Debug|Any CPU
		{AE483C29-042E-4226-BA52-D247CE7676DA}.DebugNoSave|Any CPU.Build.0 = Debug|Any CPU
		{AE483C29-042E-4226-BA52-D247CE7676DA}.DebugNoSave|Mixed Platforms.ActiveCfg = Debug|Any CPU
		{AE483C29-042E-4226-BA52-D247CE7676DA}.DebugNoSave|Mixed Platforms.Build.0 = Debug|Any CPU
		{AE483C29-042E-4226-BA52-D247CE7676DA}.DebugNoSave|x86.ActiveCfg = Debug|Any CPU
		{AE483C29-042E-4226-BA52-D247CE7676DA}.Release|Any CPU.ActiveCfg = Release|Any CPU
		{AE483C29-042E-4226-BA52-D247CE7676DA}.Release|Any CPU.Build.0 = Release|Any CPU
		{AE483C29-042E-4226-BA52-D247CE7676DA}.Release|Mixed Platforms.ActiveCfg = Release|Any CPU
		{AE483C29-042E-4226-BA52-D247CE7676DA}.Release|Mixed Platforms.Build.0 = Release|Any CPU
		{AE483C29-042E-4226-BA52-D247CE7676DA}.Release|x86.ActiveCfg = Release|Any CPU
		{AE483C29-042E-4226-BA52-D247CE7676DA}.Release|x86.Build.0 = Release|Any CPU
		{9FF60998-788A-452D-8E7B-F19513236839}.Debug|Any CPU.ActiveCfg = Debug|Any CPU
		{9FF60998-788A-452D-8E7B-F19513236839}.Debug|Any CPU.Build.0 = Debug|Any CPU
		{9FF60998-788A-452D-8E7B-F19513236839}.Debug|Mixed Platforms.ActiveCfg = Debug|Any CPU
		{9FF60998-788A-452D-8E7B-F19513236839}.Debug|Mixed Platforms.Build.0 = Debug|Any CPU
		{9FF60998-788A-452D-8E7B-F19513236839}.Debug|x86.ActiveCfg = Debug|Any CPU
		{9FF60998-788A-452D-8E7B-F19513236839}.DebugNoFailsafe|Any CPU.ActiveCfg = Debug|Any CPU
		{9FF60998-788A-452D-8E7B-F19513236839}.DebugNoFailsafe|Any CPU.Build.0 = Debug|Any CPU
		{9FF60998-788A-452D-8E7B-F19513236839}.DebugNoFailsafe|Mixed Platforms.ActiveCfg = Debug|Any CPU
		{9FF60998-788A-452D-8E7B-F19513236839}.DebugNoFailsafe|Mixed Platforms.Build.0 = Debug|Any CPU
		{9FF60998-788A-452D-8E7B-F19513236839}.DebugNoFailsafe|x86.ActiveCfg = Debug|Any CPU
		{9FF60998-788A-452D-8E7B-F19513236839}.DebugNoMultiThread|Any CPU.ActiveCfg = Debug|Any CPU
		{9FF60998-788A-452D-8E7B-F19513236839}.DebugNoMultiThread|Any CPU.Build.0 = Debug|Any CPU
		{9FF60998-788A-452D-8E7B-F19513236839}.DebugNoMultiThread|Mixed Platforms.ActiveCfg = Debug|Any CPU
		{9FF60998-788A-452D-8E7B-F19513236839}.DebugNoMultiThread|Mixed Platforms.Build.0 = Debug|Any CPU
		{9FF60998-788A-452D-8E7B-F19513236839}.DebugNoMultiThread|x86.ActiveCfg = Debug|Any CPU
		{9FF60998-788A-452D-8E7B-F19513236839}.DebugNoSave|Any CPU.ActiveCfg = Debug|Any CPU
		{9FF60998-788A-452D-8E7B-F19513236839}.DebugNoSave|Any CPU.Build.0 = Debug|Any CPU
		{9FF60998-788A-452D-8E7B-F19513236839}.DebugNoSave|Mixed Platforms.ActiveCfg = Debug|Any CPU
		{9FF60998-788A-452D-8E7B-F19513236839}.DebugNoSave|Mixed Platforms.Build.0 = Debug|Any CPU
		{9FF60998-788A-452D-8E7B-F19513236839}.DebugNoSave|x86.ActiveCfg = Debug|Any CPU
		{9FF60998-788A-452D-8E7B-F19513236839}.Release|Any CPU.ActiveCfg = Release|Any CPU
		{9FF60998-788A-452D-8E7B-F19513236839}.Release|Any CPU.Build.0 = Release|Any CPU
		{9FF60998-788A-452D-8E7B-F19513236839}.Release|Mixed Platforms.ActiveCfg = Release|Any CPU
		{9FF60998-788A-452D-8E7B-F19513236839}.Release|Mixed Platforms.Build.0 = Release|Any CPU
		{9FF60998-788A-452D-8E7B-F19513236839}.Release|x86.ActiveCfg = Release|Any CPU
		{9819016B-161A-40E2-BF73-05CD051E1883}.Debug|Any CPU.ActiveCfg = Debug|x86
		{9819016B-161A-40E2-BF73-05CD051E1883}.Debug|Mixed Platforms.ActiveCfg = Debug|x86
		{9819016B-161A-40E2-BF73-05CD051E1883}.Debug|Mixed Platforms.Build.0 = Debug|x86
		{9819016B-161A-40E2-BF73-05CD051E1883}.Debug|x86.ActiveCfg = Debug|x86
		{9819016B-161A-40E2-BF73-05CD051E1883}.Debug|x86.Build.0 = Debug|x86
		{9819016B-161A-40E2-BF73-05CD051E1883}.DebugNoFailsafe|Any CPU.ActiveCfg = Debug|x86
		{9819016B-161A-40E2-BF73-05CD051E1883}.DebugNoFailsafe|Mixed Platforms.ActiveCfg = Debug|x86
		{9819016B-161A-40E2-BF73-05CD051E1883}.DebugNoFailsafe|Mixed Platforms.Build.0 = Debug|x86
		{9819016B-161A-40E2-BF73-05CD051E1883}.DebugNoFailsafe|x86.ActiveCfg = Debug|x86
		{9819016B-161A-40E2-BF73-05CD051E1883}.DebugNoFailsafe|x86.Build.0 = Debug|x86
		{9819016B-161A-40E2-BF73-05CD051E1883}.DebugNoMultiThread|Any CPU.ActiveCfg = Debug|x86
		{9819016B-161A-40E2-BF73-05CD051E1883}.DebugNoMultiThread|Mixed Platforms.ActiveCfg = Debug|x86
		{9819016B-161A-40E2-BF73-05CD051E1883}.DebugNoMultiThread|Mixed Platforms.Build.0 = Debug|x86
		{9819016B-161A-40E2-BF73-05CD051E1883}.DebugNoMultiThread|x86.ActiveCfg = Debug|x86
		{9819016B-161A-40E2-BF73-05CD051E1883}.DebugNoMultiThread|x86.Build.0 = Debug|x86
		{9819016B-161A-40E2-BF73-05CD051E1883}.DebugNoSave|Any CPU.ActiveCfg = Debug|x86
		{9819016B-161A-40E2-BF73-05CD051E1883}.DebugNoSave|Mixed Platforms.ActiveCfg = Debug|x86
		{9819016B-161A-40E2-BF73-05CD051E1883}.DebugNoSave|Mixed Platforms.Build.0 = Debug|x86
		{9819016B-161A-40E2-BF73-05CD051E1883}.DebugNoSave|x86.ActiveCfg = Debug|x86
		{9819016B-161A-40E2-BF73-05CD051E1883}.DebugNoSave|x86.Build.0 = Debug|x86
		{9819016B-161A-40E2-BF73-05CD051E1883}.Release|Any CPU.ActiveCfg = Release|x86
		{9819016B-161A-40E2-BF73-05CD051E1883}.Release|Mixed Platforms.ActiveCfg = Release|x86
		{9819016B-161A-40E2-BF73-05CD051E1883}.Release|Mixed Platforms.Build.0 = Release|x86
		{9819016B-161A-40E2-BF73-05CD051E1883}.Release|x86.ActiveCfg = Release|x86
		{9819016B-161A-40E2-BF73-05CD051E1883}.Release|x86.Build.0 = Release|x86
		{7AA7E2F1-2B51-4287-99BA-01B9E7D827E7}.Debug|Any CPU.ActiveCfg = Debug|x86
		{7AA7E2F1-2B51-4287-99BA-01B9E7D827E7}.Debug|Mixed Platforms.ActiveCfg = Debug|x86
		{7AA7E2F1-2B51-4287-99BA-01B9E7D827E7}.Debug|Mixed Platforms.Build.0 = Debug|x86
		{7AA7E2F1-2B51-4287-99BA-01B9E7D827E7}.Debug|x86.ActiveCfg = Debug|x86
		{7AA7E2F1-2B51-4287-99BA-01B9E7D827E7}.Debug|x86.Build.0 = Debug|x86
		{7AA7E2F1-2B51-4287-99BA-01B9E7D827E7}.DebugNoFailsafe|Any CPU.ActiveCfg = Debug|x86
		{7AA7E2F1-2B51-4287-99BA-01B9E7D827E7}.DebugNoFailsafe|Mixed Platforms.ActiveCfg = Debug|x86
		{7AA7E2F1-2B51-4287-99BA-01B9E7D827E7}.DebugNoFailsafe|Mixed Platforms.Build.0 = Debug|x86
		{7AA7E2F1-2B51-4287-99BA-01B9E7D827E7}.DebugNoFailsafe|x86.ActiveCfg = Debug|x86
		{7AA7E2F1-2B51-4287-99BA-01B9E7D827E7}.DebugNoFailsafe|x86.Build.0 = Debug|x86
		{7AA7E2F1-2B51-4287-99BA-01B9E7D827E7}.DebugNoMultiThread|Any CPU.ActiveCfg = Debug|x86
		{7AA7E2F1-2B51-4287-99BA-01B9E7D827E7}.DebugNoMultiThread|Mixed Platforms.ActiveCfg = Debug|x86
		{7AA7E2F1-2B51-4287-99BA-01B9E7D827E7}.DebugNoMultiThread|Mixed Platforms.Build.0 = Debug|x86
		{7AA7E2F1-2B51-4287-99BA-01B9E7D827E7}.DebugNoMultiThread|x86.ActiveCfg = Debug|x86
		{7AA7E2F1-2B51-4287-99BA-01B9E7D827E7}.DebugNoMultiThread|x86.Build.0 = Debug|x86
		{7AA7E2F1-2B51-4287-99BA-01B9E7D827E7}.DebugNoSave|Any CPU.ActiveCfg = Debug|x86
		{7AA7E2F1-2B51-4287-99BA-01B9E7D827E7}.DebugNoSave|Mixed Platforms.ActiveCfg = Debug|x86
		{7AA7E2F1-2B51-4287-99BA-01B9E7D827E7}.DebugNoSave|Mixed Platforms.Build.0 = Debug|x86
		{7AA7E2F1-2B51-4287-99BA-01B9E7D827E7}.DebugNoSave|x86.ActiveCfg = Debug|x86
		{7AA7E2F1-2B51-4287-99BA-01B9E7D827E7}.DebugNoSave|x86.Build.0 = Debug|x86
		{7AA7E2F1-2B51-4287-99BA-01B9E7D827E7}.Release|Any CPU.ActiveCfg = Release|x86
		{7AA7E2F1-2B51-4287-99BA-01B9E7D827E7}.Release|Mixed Platforms.ActiveCfg = Release|x86
		{7AA7E2F1-2B51-4287-99BA-01B9E7D827E7}.Release|Mixed Platforms.Build.0 = Release|x86
		{7AA7E2F1-2B51-4287-99BA-01B9E7D827E7}.Release|x86.ActiveCfg = Release|x86
		{7AA7E2F1-2B51-4287-99BA-01B9E7D827E7}.Release|x86.Build.0 = Release|x86
		{46A4AE63-B570-41BF-8B56-5C0711260CBF}.Debug|Any CPU.ActiveCfg = Debug|x86
		{46A4AE63-B570-41BF-8B56-5C0711260CBF}.Debug|Mixed Platforms.ActiveCfg = Debug|x86
		{46A4AE63-B570-41BF-8B56-5C0711260CBF}.Debug|Mixed Platforms.Build.0 = Debug|x86
		{46A4AE63-B570-41BF-8B56-5C0711260CBF}.Debug|x86.ActiveCfg = Debug|x86
		{46A4AE63-B570-41BF-8B56-5C0711260CBF}.Debug|x86.Build.0 = Debug|x86
		{46A4AE63-B570-41BF-8B56-5C0711260CBF}.DebugNoFailsafe|Any CPU.ActiveCfg = Debug|x86
		{46A4AE63-B570-41BF-8B56-5C0711260CBF}.DebugNoFailsafe|Mixed Platforms.ActiveCfg = Debug|x86
		{46A4AE63-B570-41BF-8B56-5C0711260CBF}.DebugNoFailsafe|Mixed Platforms.Build.0 = Debug|x86
		{46A4AE63-B570-41BF-8B56-5C0711260CBF}.DebugNoFailsafe|x86.ActiveCfg = Debug|x86
		{46A4AE63-B570-41BF-8B56-5C0711260CBF}.DebugNoFailsafe|x86.Build.0 = Debug|x86
		{46A4AE63-B570-41BF-8B56-5C0711260CBF}.DebugNoMultiThread|Any CPU.ActiveCfg = Debug|x86
		{46A4AE63-B570-41BF-8B56-5C0711260CBF}.DebugNoMultiThread|Mixed Platforms.ActiveCfg = Debug|x86
		{46A4AE63-B570-41BF-8B56-5C0711260CBF}.DebugNoMultiThread|Mixed Platforms.Build.0 = Debug|x86
		{46A4AE63-B570-41BF-8B56-5C0711260CBF}.DebugNoMultiThread|x86.ActiveCfg = Debug|x86
		{46A4AE63-B570-41BF-8B56-5C0711260CBF}.DebugNoMultiThread|x86.Build.0 = Debug|x86
		{46A4AE63-B570-41BF-8B56-5C0711260CBF}.DebugNoSave|Any CPU.ActiveCfg = Debug|x86
		{46A4AE63-B570-41BF-8B56-5C0711260CBF}.DebugNoSave|Mixed Platforms.ActiveCfg = Debug|x86
		{46A4AE63-B570-41BF-8B56-5C0711260CBF}.DebugNoSave|Mixed Platforms.Build.0 = Debug|x86
		{46A4AE63-B570-41BF-8B56-5C0711260CBF}.DebugNoSave|x86.ActiveCfg = Debug|x86
		{46A4AE63-B570-41BF-8B56-5C0711260CBF}.DebugNoSave|x86.Build.0 = Debug|x86
		{46A4AE63-B570-41BF-8B56-5C0711260CBF}.Release|Any CPU.ActiveCfg = Release|x86
		{46A4AE63-B570-41BF-8B56-5C0711260CBF}.Release|Mixed Platforms.ActiveCfg = Release|x86
		{46A4AE63-B570-41BF-8B56-5C0711260CBF}.Release|Mixed Platforms.Build.0 = Release|x86
		{46A4AE63-B570-41BF-8B56-5C0711260CBF}.Release|x86.ActiveCfg = Release|x86
		{46A4AE63-B570-41BF-8B56-5C0711260CBF}.Release|x86.Build.0 = Release|x86
	EndGlobalSection
	GlobalSection(SolutionProperties) = preSolution
		HideSolutionNode = FALSE
	EndGlobalSection
	GlobalSection(NestedProjects) = preSolution
		{F17AF1F9-DC32-4464-B314-98AA50A23648} = {5EBBDC5A-4D53-4720-B021-C5EB5080468B}
		{FD4AD75F-B354-424B-B156-2F205686E9F0} = {5EBBDC5A-4D53-4720-B021-C5EB5080468B}
		{9819016B-161A-40E2-BF73-05CD051E1883} = {5EBBDC5A-4D53-4720-B021-C5EB5080468B}
		{7AA7E2F1-2B51-4287-99BA-01B9E7D827E7} = {5EBBDC5A-4D53-4720-B021-C5EB5080468B}
	EndGlobalSection
EndGlobal
